
Microsoft Visual Studio Solution File, Format Version 12.00
# Visual Studio Version 17
VisualStudioVersion = 17.2.32516.85
MinimumVisualStudioVersion = 10.0.40219.1
Project("{9A19103F-16F7-4668-BE54-9A1E7A4F7556}") = "PlantShop.Api.Tests", "PlantShop.Api.Tests\PlantShop.Api.Tests.csproj", "{4C4F055E-0638-4A6B-9E96-1DA7A8D84F62}"
EndProject
Project("{9A19103F-16F7-4668-BE54-9A1E7A4F7556}") = "PlantShop.Data", "PlantShop.Data\PlantShop.Data.csproj", "{F1AC7BE9-B388-415C-95D8-587F50092FFB}"
EndProject
Project("{9A19103F-16F7-4668-BE54-9A1E7A4F7556}") = "PlantShop.Service", "PlantShop.Service\PlantShop.Service.csproj", "{9F139481-8A7F-4E0E-B0BB-3820EA19666D}"
EndProject
Project("{9A19103F-16F7-4668-BE54-9A1E7A4F7556}") = "PlantShop.Api", "PlantShop.Api\PlantShop.Api.csproj", "{B1DF5E4D-2FA7-4DCC-8FCC-F2FC1CF5442D}"
EndProject
Project("{54A90642-561A-4BB1-A94E-469ADEE60C69}") = "plantshop.web", "PlantShop.Web\plantshop.web.esproj", "{B5E2A69E-C9C3-4AF9-A5DF-882F4D12FBB7}"
EndProject
Global
	GlobalSection(SolutionConfigurationPlatforms) = preSolution
		Debug|Any CPU = Debug|Any CPU
		Release|Any CPU = Release|Any CPU
	EndGlobalSection
	GlobalSection(ProjectConfigurationPlatforms) = postSolution
		{4C4F055E-0638-4A6B-9E96-1DA7A8D84F62}.Debug|Any CPU.ActiveCfg = Debug|Any CPU
		{4C4F055E-0638-4A6B-9E96-1DA7A8D84F62}.Debug|Any CPU.Build.0 = Debug|Any CPU
		{4C4F055E-0638-4A6B-9E96-1DA7A8D84F62}.Release|Any CPU.ActiveCfg = Release|Any CPU
		{4C4F055E-0638-4A6B-9E96-1DA7A8D84F62}.Release|Any CPU.Build.0 = Release|Any CPU
		{F1AC7BE9-B388-415C-95D8-587F50092FFB}.Debug|Any CPU.ActiveCfg = Debug|Any CPU
		{F1AC7BE9-B388-415C-95D8-587F50092FFB}.Debug|Any CPU.Build.0 = Debug|Any CPU
		{F1AC7BE9-B388-415C-95D8-587F50092FFB}.Release|Any CPU.ActiveCfg = Release|Any CPU
		{F1AC7BE9-B388-415C-95D8-587F50092FFB}.Release|Any CPU.Build.0 = Release|Any CPU
		{9F139481-8A7F-4E0E-B0BB-3820EA19666D}.Debug|Any CPU.ActiveCfg = Debug|Any CPU
		{9F139481-8A7F-4E0E-B0BB-3820EA19666D}.Debug|Any CPU.Build.0 = Debug|Any CPU
		{9F139481-8A7F-4E0E-B0BB-3820EA19666D}.Release|Any CPU.ActiveCfg = Release|Any CPU
		{9F139481-8A7F-4E0E-B0BB-3820EA19666D}.Release|Any CPU.Build.0 = Release|Any CPU
		{B1DF5E4D-2FA7-4DCC-8FCC-F2FC1CF5442D}.Debug|Any CPU.ActiveCfg = Debug|Any CPU
		{B1DF5E4D-2FA7-4DCC-8FCC-F2FC1CF5442D}.Debug|Any CPU.Build.0 = Debug|Any CPU
		{B1DF5E4D-2FA7-4DCC-8FCC-F2FC1CF5442D}.Release|Any CPU.ActiveCfg = Release|Any CPU
		{B1DF5E4D-2FA7-4DCC-8FCC-F2FC1CF5442D}.Release|Any CPU.Build.0 = Release|Any CPU
		{B5E2A69E-C9C3-4AF9-A5DF-882F4D12FBB7}.Debug|Any CPU.ActiveCfg = Debug|Any CPU
		{B5E2A69E-C9C3-4AF9-A5DF-882F4D12FBB7}.Debug|Any CPU.Build.0 = Debug|Any CPU
		{B5E2A69E-C9C3-4AF9-A5DF-882F4D12FBB7}.Debug|Any CPU.Deploy.0 = Debug|Any CPU
		{B5E2A69E-C9C3-4AF9-A5DF-882F4D12FBB7}.Release|Any CPU.ActiveCfg = Release|Any CPU
		{B5E2A69E-C9C3-4AF9-A5DF-882F4D12FBB7}.Release|Any CPU.Build.0 = Release|Any CPU
		{B5E2A69E-C9C3-4AF9-A5DF-882F4D12FBB7}.Release|Any CPU.Deploy.0 = Release|Any CPU
	EndGlobalSection
	GlobalSection(SolutionProperties) = preSolution
		HideSolutionNode = FALSE
	EndGlobalSection
	GlobalSection(ExtensibilityGlobals) = postSolution
		SolutionGuid = {1885F112-E728-4C5D-B3F0-23C0BD111F20}
	EndGlobalSection
EndGlobal
